
Microsoft Visual Studio Solution File, Format Version 12.00
# Visual Studio Version 16
VisualStudioVersion = 16.0.29230.47
MinimumVisualStudioVersion = 10.0.40219.1
Project("{8BC9CEB8-8B4A-11D0-8D11-00A0C91BC942}") = "hw2", "hw2\hw2.vcxproj", "{E7F9F416-EE68-49FF-B61E-7ED7DECB5F26}"
EndProject
Global
	GlobalSection(SolutionConfigurationPlatforms) = preSolution
		Debug|x64 = Debug|x64
		Debug|x86 = Debug|x86
		Release|x64 = Release|x64
		Release|x86 = Release|x86
	EndGlobalSection
	GlobalSection(ProjectConfigurationPlatforms) = postSolution
		{E7F9F416-EE68-49FF-B61E-7ED7DECB5F26}.Debug|x64.ActiveCfg = Debug|x64
		{E7F9F416-EE68-49FF-B61E-7ED7DECB5F26}.Debug|x64.Build.0 = Debug|x64
		{E7F9F416-EE68-49FF-B61E-7ED7DECB5F26}.Debug|x86.ActiveCfg = Debug|Win32
		{E7F9F416-EE68-49FF-B61E-7ED7DECB5F26}.Debug|x86.Build.0 = Debug|Win32
		{E7F9F416-EE68-49FF-B61E-7ED7DECB5F26}.Release|x64.ActiveCfg = Release|x64
		{E7F9F416-EE68-49FF-B61E-7ED7DECB5F26}.Release|x64.Build.0 = Release|x64
		{E7F9F416-EE68-49FF-B61E-7ED7DECB5F26}.Release|x86.ActiveCfg = Release|Win32
		{E7F9F416-EE68-49FF-B61E-7ED7DECB5F26}.Release|x86.Build.0 = Release|Win32
	EndGlobalSection
	GlobalSection(SolutionProperties) = preSolution
		HideSolutionNode = FALSE
	EndGlobalSection
	GlobalSection(ExtensibilityGlobals) = postSolution
		SolutionGuid = {0C54B2A6-EB1F-407B-B5BA-A2685A098086}
	EndGlobalSection
EndGlobal
